{
  "version": 4,
  "terraform_version": "1.7.3",
  "serial": 34,
  "lineage": "824069aa-e593-64ba-a5a8-b9a904dd3a88",
  "outputs": {},
  "resources": [
    {
      "mode": "managed",
      "type": "github_actions_environment_secret",
      "name": "test_secret",
      "provider": "provider[\"registry.terraform.io/hashicorp/github\"]",
      "instances": [
        {
          "schema_version": 0,
          "attributes": {
            "created_at": "2024-02-13 21:58:46 +0000 UTC",
            "encrypted_value": "",
            "environment": "test",
            "id": "example:test:TEST",
            "plaintext_value": "test",
            "repository": "example",
            "secret_name": "TEST",
            "updated_at": "2024-02-13 21:58:46 +0000 UTC"
          },
          "sensitive_attributes": [],
          "private": "bnVsbA=="
        }
      ]
    }
  ],
  "check_results": null
}
